{
  "name": "arabiakhaleej-contact-worker",
  "version": "1.0.0",
  "lockfileVersion": 3,
  "requires": true,
  "packages": {
    "": {
      "name": "arabiakhaleej-contact-worker",
      "version": "1.0.0",
      "dependencies": {
        "mimetext": "^3.0.24"
      }
    },
    "node_modules/@babel/runtime": {
      "version": "7.29.2",
      "resolved": "https://registry.npmjs.org/@babel/runtime/-/runtime-7.29.2.tgz",
      "integrity": "sha512-JiDShH45zKHWyGe4ZNVRrCjBz8Nh9TMmZG1kh4QTK8hCBTWBi8Da+i7s1fJw7/lYpM4ccepSNfqzZ/QvABBi5g==",
      "license": "MIT",
      "engines": {
        "node": ">=6.9.0"
      }
    },
    "node_modules/@babel/runtime-corejs3": {
      "version": "7.29.2",
      "resolved": "https://registry.npmjs.org/@babel/runtime-corejs3/-/runtime-corejs3-7.29.2.tgz",
      "integrity": "sha512-Lc94FOD5+0aXhdb0Tdg3RUtqT6yWbI/BbFWvlaSJ3gAb9Ks+99nHRDKADVqC37er4eCB0fHyWT+y+K3QOvJKbw==",
      "license": "MIT",
      "dependencies": {
        "core-js-pure": "^3.48.0"
      },
      "engines": {
        "node": ">=6.9.0"
      }
    },
    "node_modules/core-js-pure": {
      "version": "3.49.0",
      "resolved": "https://registry.npmjs.org/core-js-pure/-/core-js-pure-3.49.0.tgz",
      "integrity": "sha512-XM4RFka59xATyJv/cS3O3Kml72hQXUeGRuuTmMYFxwzc9/7C8OYTaIR/Ji+Yt8DXzsFLNhat15cE/JP15HrCgw==",
      "hasInstallScript": true,
      "license": "MIT",
      "funding": {
        "type": "opencollective",
        "url": "https://opencollective.com/core-js"
      }
    },
    "node_modules/js-base64": {
      "version": "3.7.8",
      "resolved": "https://registry.npmjs.org/js-base64/-/js-base64-3.7.8.tgz",
      "integrity": "sha512-hNngCeKxIUQiEUN3GPJOkz4wF/YvdUdbNL9hsBcMQTkKzboD7T/q3OYOuuPZLUE6dBxSGpwhk5mwuDud7JVAow==",
      "license": "BSD-3-Clause"
    },
    "node_modules/mime-db": {
      "version": "1.52.0",
      "resolved": "https://registry.npmjs.org/mime-db/-/mime-db-1.52.0.tgz",
      "integrity": "sha512-sPU4uV7dYlvtWJxwwxHD0PuihVNiE7TyAbQ5SWxDCB9mUYvOgroQOwYQQOKPJ8CIbE+1ETVlOoK1UC2nU3gYvg==",
      "license": "MIT",
      "engines": {
        "node": ">= 0.6"
      }
    },
    "node_modules/mime-types": {
      "version": "2.1.35",
      "resolved": "https://registry.npmjs.org/mime-types/-/mime-types-2.1.35.tgz",
      "integrity": "sha512-ZDY+bPm5zTTF+YpCrAU9nK0UgICYPT0QtT1NZWFv4s++TNkcgVaT0g6+4R2uI4MjQjzysHB1zxuWL50hzaeXiw==",
      "license": "MIT",
      "dependencies": {
        "mime-db": "1.52.0"
      },
      "engines": {
        "node": ">= 0.6"
      }
    },
    "node_modules/mimetext": {
      "version": "3.0.28",
      "resolved": "https://registry.npmjs.org/mimetext/-/mimetext-3.0.28.tgz",
      "integrity": "sha512-eQXpbNrtxLCjUtiVbR/qR09dbPgZ2o+KR1uA7QKqGhbn8QV7HIL16mXXsobBL4/8TqoYh1us31kfz+dNfCev9g==",
      "license": "MIT",
      "dependencies": {
        "@babel/runtime": "^7.26.0",
        "@babel/runtime-corejs3": "^7.26.0",
        "js-base64": "^3.7.7",
        "mime-types": "^2.1.35"
      },
      "funding": {
        "type": "patreon",
        "url": "https://patreon.com/muratgozel"
      }
    }
  }
}
